
Microsoft Visual Studio Solution File, Format Version 12.00
# Visual Studio Version 17
VisualStudioVersion = 17.0.32014.148
MinimumVisualStudioVersion = 10.0.40219.1
Project("{FAE04EC0-301F-11D3-BF4B-00C04F79EFBC}") = "WpfApp1", "WpfApp1\WpfApp1.csproj", "{E94A63F1-3B5B-4108-AC20-69D4DB82A89F}"
EndProject
Global
	GlobalSection(SolutionConfigurationPlatforms) = preSolution
		Debug|Any CPU = Debug|Any CPU
		Release|Any CPU = Release|Any CPU
	EndGlobalSection
	GlobalSection(ProjectConfigurationPlatforms) = postSolution
		{E94A63F1-3B5B-4108-AC20-69D4DB82A89F}.Debug|Any CPU.ActiveCfg = Debug|Any CPU
		{E94A63F1-3B5B-4108-AC20-69D4DB82A89F}.Debug|Any CPU.Build.0 = Debug|Any CPU
		{E94A63F1-3B5B-4108-AC20-69D4DB82A89F}.Release|Any CPU.ActiveCfg = Release|Any CPU
		{E94A63F1-3B5B-4108-AC20-69D4DB82A89F}.Release|Any CPU.Build.0 = Release|Any CPU
	EndGlobalSection
	GlobalSection(SolutionProperties) = preSolution
		HideSolutionNode = FALSE
	EndGlobalSection
	GlobalSection(ExtensibilityGlobals) = postSolution
		SolutionGuid = {753E9DDD-E35F-4459-BACA-A72A4ED950A2}
	EndGlobalSection
EndGlobal
